
Microsoft Visual Studio Solution File, Format Version 12.00
# Visual Studio 15
VisualStudioVersion = 15.0.27703.2000
MinimumVisualStudioVersion = 10.0.40219.1
Project("{FAE04EC0-301F-11D3-BF4B-00C04F79EFBC}") = "movienotes", "movienotes\movienotes.csproj", "{3BFC5B28-0AB8-4A60-9385-3E9C5DB020D7}"
EndProject
Global
	GlobalSection(SolutionConfigurationPlatforms) = preSolution
		Debug|Any CPU = Debug|Any CPU
		Release|Any CPU = Release|Any CPU
	EndGlobalSection
	GlobalSection(ProjectConfigurationPlatforms) = postSolution
		{3BFC5B28-0AB8-4A60-9385-3E9C5DB020D7}.Debug|Any CPU.ActiveCfg = Debug|Any CPU
		{3BFC5B28-0AB8-4A60-9385-3E9C5DB020D7}.Debug|Any CPU.Build.0 = Debug|Any CPU
		{3BFC5B28-0AB8-4A60-9385-3E9C5DB020D7}.Release|Any CPU.ActiveCfg = Release|Any CPU
		{3BFC5B28-0AB8-4A60-9385-3E9C5DB020D7}.Release|Any CPU.Build.0 = Release|Any CPU
	EndGlobalSection
	GlobalSection(SolutionProperties) = preSolution
		HideSolutionNode = FALSE
	EndGlobalSection
	GlobalSection(ExtensibilityGlobals) = postSolution
		SolutionGuid = {8FC278C6-2D00-447B-908F-670C106A0D97}
	EndGlobalSection
EndGlobal
